
Microsoft Visual Studio Solution File, Format Version 12.00
# Visual Studio 2013
VisualStudioVersion = 12.0.31101.0
MinimumVisualStudioVersion = 10.0.40219.1
Project("{FAE04EC0-301F-11D3-BF4B-00C04F79EFBC}") = "RoseMakerSpace", "RoseMakerSpace\RoseMakerSpace.csproj", "{4E016BA3-88EA-4B08-8A1F-BE779E7D16A5}"
EndProject
Project("{2150E333-8FDC-42A3-9474-1A3956D46DE8}") = "PublishScripts", "PublishScripts", "{195175D7-D307-47DA-BA86-65C8CA4AA031}"
	ProjectSection(SolutionItems) = preProject
		PublishScripts\AzureWebsitePublishModule.psm1 = PublishScripts\AzureWebsitePublishModule.psm1
		PublishScripts\Publish-WebApplicationWebsite.ps1 = PublishScripts\Publish-WebApplicationWebsite.ps1
	EndProjectSection
EndProject
Project("{2150E333-8FDC-42A3-9474-1A3956D46DE8}") = "Configurations", "Configurations", "{55BC82C8-3222-4192-B1A0-E564D476F664}"
	ProjectSection(SolutionItems) = preProject
		PublishScripts\Configurations\RoseMakerSpace-WAWS-dev.json = PublishScripts\Configurations\RoseMakerSpace-WAWS-dev.json
	EndProjectSection
EndProject
Global
	GlobalSection(TeamFoundationVersionControl) = preSolution
		SccNumberOfProjects = 2
		SccEnterpriseProvider = {4CA58AB2-18FA-4F8D-95D4-32DDF27D184C}
		SccTeamFoundationServer = https://cbudo.visualstudio.com/defaultcollection
		SccLocalPath0 = .
		SccProjectUniqueName1 = RoseMakerSpace\\RoseMakerSpace.csproj
		SccProjectName1 = RoseMakerSpace
		SccLocalPath1 = RoseMakerSpace
	EndGlobalSection
	GlobalSection(SolutionConfigurationPlatforms) = preSolution
		Debug|Any CPU = Debug|Any CPU
		Release|Any CPU = Release|Any CPU
	EndGlobalSection
	GlobalSection(ProjectConfigurationPlatforms) = postSolution
		{4E016BA3-88EA-4B08-8A1F-BE779E7D16A5}.Debug|Any CPU.ActiveCfg = Debug|Any CPU
		{4E016BA3-88EA-4B08-8A1F-BE779E7D16A5}.Debug|Any CPU.Build.0 = Debug|Any CPU
		{4E016BA3-88EA-4B08-8A1F-BE779E7D16A5}.Release|Any CPU.ActiveCfg = Release|Any CPU
		{4E016BA3-88EA-4B08-8A1F-BE779E7D16A5}.Release|Any CPU.Build.0 = Release|Any CPU
	EndGlobalSection
	GlobalSection(SolutionProperties) = preSolution
		HideSolutionNode = FALSE
	EndGlobalSection
	GlobalSection(NestedProjects) = preSolution
		{55BC82C8-3222-4192-B1A0-E564D476F664} = {195175D7-D307-47DA-BA86-65C8CA4AA031}
	EndGlobalSection
EndGlobal
